// !$*UTF8*$!
{
	archiveVersion = 1;
	classes = {
	};
	objectVersion = 50;
	objects = {

/* Begin PBXBuildFile section */
		F05A092C21DC64D9000F9F6B /* AppDelegate.m in Sources */ = {isa = PBXBuildFile; fileRef = F05A092B21DC64D9000F9F6B /* AppDelegate.m */; };
		F05A092F21DC64D9000F9F6B /* ViewController.m in Sources */ = {isa = PBXBuildFile; fileRef = F05A092E21DC64D9000F9F6B /* ViewController.m */; };
		F05A093221DC64D9000F9F6B /* Main.storyboard in Resources */ = {isa = PBXBuildFile; fileRef = F05A093021DC64D9000F9F6B /* Main.storyboard */; };
		F05A093421DC64DF000F9F6B /* Assets.xcassets in Resources */ = {isa = PBXBuildFile; fileRef = F05A093321DC64DF000F9F6B /* Assets.xcassets */; };
		F05A093721DC64DF000F9F6B /* LaunchScreen.storyboard in Resources */ = {isa = PBXBuildFile; fileRef = F05A093521DC64DF000F9F6B /* LaunchScreen.storyboard */; };
		F05A093A21DC64DF000F9F6B /* main.m in Sources */ = {isa = PBXBuildFile; fileRef = F05A093921DC64DF000F9F6B /* main.m */; };
		F05A094421DC64DF000F9F6B /* WJToolsTests.m in Sources */ = {isa = PBXBuildFile; fileRef = F05A094321DC64DF000F9F6B /* WJToolsTests.m */; };
		F05A094F21DC64DF000F9F6B /* WJToolsUITests.m in Sources */ = {isa = PBXBuildFile; fileRef = F05A094E21DC64DF000F9F6B /* WJToolsUITests.m */; };
/* End PBXBuildFile section */

/* Begin PBXContainerItemProxy section */
		F05A094021DC64DF000F9F6B /* PBXContainerItemProxy */ = {
			isa = PBXContainerItemProxy;
			containerPortal = F05A091F21DC64D9000F9F6B /* Project object */;
			proxyType = 1;
			remoteGlobalIDString = F05A092621DC64D9000F9F6B;
			remoteInfo = WJTools;
		};
		F05A094B21DC64DF000F9F6B /* PBXContainerItemProxy */ = {
			isa = PBXContainerItemProxy;
			containerPortal = F05A091F21DC64D9000F9F6B /* Project object */;
			proxyType = 1;
			remoteGlobalIDString = F05A092621DC64D9000F9F6B;
			remoteInfo = WJTools;
		};
/* End PBXContainerItemProxy section */

/* Begin PBXFileReference section */
		F05A092721DC64D9000F9F6B /* WJTools.app */ = {isa = PBXFileReference; explicitFileType = wrapper.application; includeInIndex = 0; path = WJTools.app; sourceTree = BUILT_PRODUCTS_DIR; };
		F05A092A21DC64D9000F9F6B /* AppDelegate.h */ = {isa = PBXFileReference; lastKnownFileType = sourcecode.c.h; path = AppDelegate.h; sourceTree = "<group>"; };
		F05A092B21DC64D9000F9F6B /* AppDelegate.m */ = {isa = PBXFileReference; lastKnownFileType = sourcecode.c.objc; path = AppDelegate.m; sourceTree = "<group>"; };
		F05A092D21DC64D9000F9F6B /* ViewController.h */ = {isa = PBXFileReference; lastKnownFileType = sourcecode.c.h; path = ViewController.h; sourceTree = "<group>"; };
		F05A092E21DC64D9000F9F6B /* ViewController.m */ = {isa = PBXFileReference; lastKnownFileType = sourcecode.c.objc; path = ViewController.m; sourceTree = "<group>"; };
		F05A093121DC64D9000F9F6B /* Base */ = {isa = PBXFileReference; lastKnownFileType = file.storyboard; name = Base; path = Base.lproj/Main.storyboard; sourceTree = "<group>"; };
		F05A093321DC64DF000F9F6B /* Assets.xcassets */ = {isa = PBXFileReference; lastKnownFileType = folder.assetcatalog; path = Assets.xcassets; sourceTree = "<group>"; };
		F05A093621DC64DF000F9F6B /* Base */ = {isa = PBXFileReference; lastKnownFileType = file.storyboard; name = Base; path = Base.lproj/LaunchScreen.storyboard; sourceTree = "<group>"; };
		F05A093821DC64DF000F9F6B /* Info.plist */ = {isa = PBXFileReference; lastKnownFileType = text.plist.xml; path = Info.plist; sourceTree = "<group>"; };
		F05A093921DC64DF000F9F6B /* main.m */ = {isa = PBXFileReference; lastKnownFileType = sourcecode.c.objc; path = main.m; sourceTree = "<group>"; };
		F05A093F21DC64DF000F9F6B /* WJToolsTests.xctest */ = {isa = PBXFileReference; explicitFileType = wrapper.cfbundle; includeInIndex = 0; path = WJToolsTests.xctest; sourceTree = BUILT_PRODUCTS_DIR; };
		F05A094321DC64DF000F9F6B /* WJToolsTests.m */ = {isa = PBXFileReference; lastKnownFileType = sourcecode.c.objc; path = WJToolsTests.m; sourceTree = "<group>"; };
		F05A094521DC64DF000F9F6B /* Info.plist */ = {isa = PBXFileReference; lastKnownFileType = text.plist.xml; path = Info.plist; sourceTree = "<group>"; };
		F05A094A21DC64DF000F9F6B /* WJToolsUITests.xctest */ = {isa = PBXFileReference; explicitFileType = wrapper.cfbundle; includeInIndex = 0; path = WJToolsUITests.xctest; sourceTree = BUILT_PRODUCTS_DIR; };
		F05A094E21DC64DF000F9F6B /* WJToolsUITests.m */ = {isa = PBXFileReference; lastKnownFileType = sourcecode.c.objc; path = WJToolsUITests.m; sourceTree = "<group>"; };
		F05A095021DC64E0000F9F6B /* Info.plist */ = {isa = PBXFileReference; lastKnownFileType = text.plist.xml; path = Info.plist; sourceTree = "<group>"; };
		F05A095C21DC6588000F9F6B /* WJTools.h */ = {isa = PBXFileReference; lastKnownFileType = sourcecode.c.h; path = WJTools.h; sourceTree = "<group>"; };
/* End PBXFileReference section */

/* Begin PBXFrameworksBuildPhase section */
		F05A092421DC64D9000F9F6B /* Frameworks */ = {
			isa = PBXFrameworksBuildPhase;
			buildActionMask = 2147483647;
			files = (
			);
			runOnlyForDeploymentPostprocessing = 0;
		};
		F05A093C21DC64DF000F9F6B /* Frameworks */ = {
			isa = PBXFrameworksBuildPhase;
			buildActionMask = 2147483647;
			files = (
			);
			runOnlyForDeploymentPostprocessing = 0;
		};
		F05A094721DC64DF000F9F6B /* Frameworks */ = {
			isa = PBXFrameworksBuildPhase;
			buildActionMask = 2147483647;
			files = (
			);
			runOnlyForDeploymentPostprocessing = 0;
		};
/* End PBXFrameworksBuildPhase section */

/* Begin PBXGroup section */
		F05A091E21DC64D9000F9F6B = {
			isa = PBXGroup;
			children = (
				F05A092921DC64D9000F9F6B /* WJTools */,
				F05A094221DC64DF000F9F6B /* WJToolsTests */,
				F05A094D21DC64DF000F9F6B /* WJToolsUITests */,
				F05A092821DC64D9000F9F6B /* Products */,
			);
			sourceTree = "<group>";
		};
		F05A092821DC64D9000F9F6B /* Products */ = {
			isa = PBXGroup;
			children = (
				F05A092721DC64D9000F9F6B /* WJTools.app */,
				F05A093F21DC64DF000F9F6B /* WJToolsTests.xctest */,
				F05A094A21DC64DF000F9F6B /* WJToolsUITests.xctest */,
			);
			name = Products;
			sourceTree = "<group>";
		};
		F05A092921DC64D9000F9F6B /* WJTools */ = {
			isa = PBXGroup;
			children = (
				F05A092A21DC64D9000F9F6B /* AppDelegate.h */,
				F05A092B21DC64D9000F9F6B /* AppDelegate.m */,
				F05A092D21DC64D9000F9F6B /* ViewController.h */,
				F05A092E21DC64D9000F9F6B /* ViewController.m */,
				F05A093021DC64D9000F9F6B /* Main.storyboard */,
				F05A093321DC64DF000F9F6B /* Assets.xcassets */,
				F05A093521DC64DF000F9F6B /* LaunchScreen.storyboard */,
				F05A093821DC64DF000F9F6B /* Info.plist */,
				F05A093921DC64DF000F9F6B /* main.m */,
				F05A095C21DC6588000F9F6B /* WJTools.h */,
			);
			path = WJTools;
			sourceTree = "<group>";
		};
		F05A094221DC64DF000F9F6B /* WJToolsTests */ = {
			isa = PBXGroup;
			children = (
				F05A094321DC64DF000F9F6B /* WJToolsTests.m */,
				F05A094521DC64DF000F9F6B /* Info.plist */,
			);
			path = WJToolsTests;
			sourceTree = "<group>";
		};
		F05A094D21DC64DF000F9F6B /* WJToolsUITests */ = {
			isa = PBXGroup;
			children = (
				F05A094E21DC64DF000F9F6B /* WJToolsUITests.m */,
				F05A095021DC64E0000F9F6B /* Info.plist */,
			);
			path = WJToolsUITests;
			sourceTree = "<group>";
		};
/* End PBXGroup section */

/* Begin PBXNativeTarget section */
		F05A092621DC64D9000F9F6B /* WJTools */ = {
			isa = PBXNativeTarget;
			buildConfigurationList = F05A095321DC64E0000F9F6B /* Build configuration list for PBXNativeTarget "WJTools" */;
			buildPhases = (
				F05A092321DC64D9000F9F6B /* Sources */,
				F05A092421DC64D9000F9F6B /* Frameworks */,
				F05A092521DC64D9000F9F6B /* Resources */,
			);
			buildRules = (
			);
			dependencies = (
			);
			name = WJTools;
			productName = WJTools;
			productReference = F05A092721DC64D9000F9F6B /* WJTools.app */;
			productType = "com.apple.product-type.application";
		};
		F05A093E21DC64DF000F9F6B /* WJToolsTests */ = {
			isa = PBXNativeTarget;
			buildConfigurationList = F05A095621DC64E0000F9F6B /* Build configuration list for PBXNativeTarget "WJToolsTests" */;
			buildPhases = (
				F05A093B21DC64DF000F9F6B /* Sources */,
				F05A093C21DC64DF000F9F6B /* Frameworks */,
				F05A093D21DC64DF000F9F6B /* Resources */,
			);
			buildRules = (
			);
			dependencies = (
				F05A094121DC64DF000F9F6B /* PBXTargetDependency */,
			);
			name = WJToolsTests;
			productName = WJToolsTests;
			productReference = F05A093F21DC64DF000F9F6B /* WJToolsTests.xctest */;
			productType = "com.apple.product-type.bundle.unit-test";
		};
		F05A094921DC64DF000F9F6B /* WJToolsUITests */ = {
			isa = PBXNativeTarget;
			buildConfigurationList = F05A095921DC64E0000F9F6B /* Build configuration list for PBXNativeTarget "WJToolsUITests" */;
			buildPhases = (
				F05A094621DC64DF000F9F6B /* Sources */,
				F05A094721DC64DF000F9F6B /* Frameworks */,
				F05A094821DC64DF000F9F6B /* Resources */,
			);
			buildRules = (
			);
			dependencies = (
				F05A094C21DC64DF000F9F6B /* PBXTargetDependency */,
			);
			name = WJToolsUITests;
			productName = WJToolsUITests;
			productReference = F05A094A21DC64DF000F9F6B /* WJToolsUITests.xctest */;
			productType = "com.apple.product-type.bundle.ui-testing";
		};
/* End PBXNativeTarget section */

/* Begin PBXProject section */
		F05A091F21DC64D9000F9F6B /* Project object */ = {
			isa = PBXProject;
			attributes = {
				LastUpgradeCheck = 1010;
				ORGANIZATIONNAME = WWJ;
				TargetAttributes = {
					F05A092621DC64D9000F9F6B = {
						CreatedOnToolsVersion = 10.1;
					};
					F05A093E21DC64DF000F9F6B = {
						CreatedOnToolsVersion = 10.1;
						TestTargetID = F05A092621DC64D9000F9F6B;
					};
					F05A094921DC64DF000F9F6B = {
						CreatedOnToolsVersion = 10.1;
						TestTargetID = F05A092621DC64D9000F9F6B;
					};
				};
			};
			buildConfigurationList = F05A092221DC64D9000F9F6B /* Build configuration list for PBXProject "WJTools" */;
			compatibilityVersion = "Xcode 9.3";
			developmentRegion = en;
			hasScannedForEncodings = 0;
			knownRegions = (
				en,
				Base,
			);
			mainGroup = F05A091E21DC64D9000F9F6B;
			productRefGroup = F05A092821DC64D9000F9F6B /* Products */;
			projectDirPath = "";
			projectRoot = "";
			targets = (
				F05A092621DC64D9000F9F6B /* WJTools */,
				F05A093E21DC64DF000F9F6B /* WJToolsTests */,
				F05A094921DC64DF000F9F6B /* WJToolsUITests */,
			);
		};
/* End PBXProject section */

/* Begin PBXResourcesBuildPhase section */
		F05A092521DC64D9000F9F6B /* Resources */ = {
			isa = PBXResourcesBuildPhase;
			buildActionMask = 2147483647;
			files = (
				F05A093721DC64DF000F9F6B /* LaunchScreen.storyboard in Resources */,
				F05A093421DC64DF000F9F6B /* Assets.xcassets in Resources */,
				F05A093221DC64D9000F9F6B /* Main.storyboard in Resources */,
			);
			runOnlyForDeploymentPostprocessing = 0;
		};
		F05A093D21DC64DF000F9F6B /* Resources */ = {
			isa = PBXResourcesBuildPhase;
			buildActionMask = 2147483647;
			files = (
			);
			runOnlyForDeploymentPostprocessing = 0;
		};
		F05A094821DC64DF000F9F6B /* Resources */ = {
			isa = PBXResourcesBuildPhase;
			buildActionMask = 2147483647;
			files = (
			);
			runOnlyForDeploymentPostprocessing = 0;
		};
/* End PBXResourcesBuildPhase section */

/* Begin PBXSourcesBuildPhase section */
		F05A092321DC64D9000F9F6B /* Sources */ = {
			isa = PBXSourcesBuildPhase;
			buildActionMask = 2147483647;
			files = (
				F05A092F21DC64D9000F9F6B /* ViewController.m in Sources */,
				F05A093A21DC64DF000F9F6B /* main.m in Sources */,
				F05A092C21DC64D9000F9F6B /* AppDelegate.m in Sources */,
			);
			runOnlyForDeploymentPostprocessing = 0;
		};
		F05A093B21DC64DF000F9F6B /* Sources */ = {
			isa = PBXSourcesBuildPhase;
			buildActionMask = 2147483647;
			files = (
				F05A094421DC64DF000F9F6B /* WJToolsTests.m in Sources */,
			);
			runOnlyForDeploymentPostprocessing = 0;
		};
		F05A094621DC64DF000F9F6B /* Sources */ = {
			isa = PBXSourcesBuildPhase;
			buildActionMask = 2147483647;
			files = (
				F05A094F21DC64DF000F9F6B /* WJToolsUITests.m in Sources */,
			);
			runOnlyForDeploymentPostprocessing = 0;
		};
/* End PBXSourcesBuildPhase section */

/* Begin PBXTargetDependency section */
		F05A094121DC64DF000F9F6B /* PBXTargetDependency */ = {
			isa = PBXTargetDependency;
			target = F05A092621DC64D9000F9F6B /* WJTools */;
			targetProxy = F05A094021DC64DF000F9F6B /* PBXContainerItemProxy */;
		};
		F05A094C21DC64DF000F9F6B /* PBXTargetDependency */ = {
			isa = PBXTargetDependency;
			target = F05A092621DC64D9000F9F6B /* WJTools */;
			targetProxy = F05A094B21DC64DF000F9F6B /* PBXContainerItemProxy */;
		};
/* End PBXTargetDependency section */

/* Begin PBXVariantGroup section */
		F05A093021DC64D9000F9F6B /* Main.storyboard */ = {
			isa = PBXVariantGroup;
			children = (
				F05A093121DC64D9000F9F6B /* Base */,
			);
			name = Main.storyboard;
			sourceTree = "<group>";
		};
		F05A093521DC64DF000F9F6B /* LaunchScreen.storyboard */ = {
			isa = PBXVariantGroup;
			children = (
				F05A093621DC64DF000F9F6B /* Base */,
			);
			name = LaunchScreen.storyboard;
			sourceTree = "<group>";
		};
/* End PBXVariantGroup section */

/* Begin XCBuildConfiguration section */
		F05A095121DC64E0000F9F6B /* Debug */ = {
			isa = XCBuildConfiguration;
			buildSettings = {
				ALWAYS_SEARCH_USER_PATHS = NO;
				CLANG_ANALYZER_NONNULL = YES;
				CLANG_ANALYZER_NUMBER_OBJECT_CONVERSION = YES_AGGRESSIVE;
				CLANG_CXX_LANGUAGE_STANDARD = "gnu++14";
				CLANG_CXX_LIBRARY = "libc++";
				CLANG_ENABLE_MODULES = YES;
				CLANG_ENABLE_OBJC_ARC = YES;
				CLANG_ENABLE_OBJC_WEAK = YES;
				CLANG_WARN_BLOCK_CAPTURE_AUTORELEASING = YES;
				CLANG_WARN_BOOL_CONVERSION = YES;
				CLANG_WARN_COMMA = YES;
				CLANG_WARN_CONSTANT_CONVERSION = YES;
				CLANG_WARN_DEPRECATED_OBJC_IMPLEMENTATIONS = YES;
				CLANG_WARN_DIRECT_OBJC_ISA_USAGE = YES_ERROR;
				CLANG_WARN_DOCUMENTATION_COMMENTS = YES;
				CLANG_WARN_EMPTY_BODY = YES;
				CLANG_WARN_ENUM_CONVERSION = YES;
				CLANG_WARN_INFINITE_RECURSION = YES;
				CLANG_WARN_INT_CONVERSION = YES;
				CLANG_WARN_NON_LITERAL_NULL_CONVERSION = YES;
				CLANG_WARN_OBJC_IMPLICIT_RETAIN_SELF = YES;
				CLANG_WARN_OBJC_LITERAL_CONVERSION = YES;
				CLANG_WARN_OBJC_ROOT_CLASS = YES_ERROR;
				CLANG_WARN_RANGE_LOOP_ANALYSIS = YES;
				CLANG_WARN_STRICT_PROTOTYPES = YES;
				CLANG_WARN_SUSPICIOUS_MOVE = YES;
				CLANG_WARN_UNGUARDED_AVAILABILITY = YES_AGGRESSIVE;
				CLANG_WARN_UNREACHABLE_CODE = YES;
				CLANG_WARN__DUPLICATE_METHOD_MATCH = YES;
				CODE_SIGN_IDENTITY = "iPhone Developer";
				COPY_PHASE_STRIP = NO;
				DEBUG_INFORMATION_FORMAT = dwarf;
				ENABLE_STRICT_OBJC_MSGSEND = YES;
				ENABLE_TESTABILITY = YES;
				GCC_C_LANGUAGE_STANDARD = gnu11;
				GCC_DYNAMIC_NO_PIC = NO;
				GCC_NO_COMMON_BLOCKS = YES;
				GCC_OPTIMIZATION_LEVEL = 0;
				GCC_PREPROCESSOR_DEFINITIONS = (
					"DEBUG=1",
					"$(inherited)",
				);
				GCC_WARN_64_TO_32_BIT_CONVERSION = YES;
				GCC_WARN_ABOUT_RETURN_TYPE = YES_ERROR;
				GCC_WARN_UNDECLARED_SELECTOR = YES;
				GCC_WARN_UNINITIALIZED_AUTOS = YES_AGGRESSIVE;
				GCC_WARN_UNUSED_FUNCTION = YES;
				GCC_WARN_UNUSED_VARIABLE = YES;
				IPHONEOS_DEPLOYMENT_TARGET = 12.1;
				MTL_ENABLE_DEBUG_INFO = INCLUDE_SOURCE;
				MTL_FAST_MATH = YES;
				ONLY_ACTIVE_ARCH = YES;
				SDKROOT = iphoneos;
			};
			name = Debug;
		};
		F05A095221DC64E0000F9F6B /* Release */ = {
			isa = XCBuildConfiguration;
			buildSettings = {
				ALWAYS_SEARCH_USER_PATHS = NO;
				CLANG_ANALYZER_NONNULL = YES;
				CLANG_ANALYZER_NUMBER_OBJECT_CONVERSION = YES_AGGRESSIVE;
				CLANG_CXX_LANGUAGE_STANDARD = "gnu++14";
				CLANG_CXX_LIBRARY = "libc++";
				CLANG_ENABLE_MODULES = YES;
				CLANG_ENABLE_OBJC_ARC = YES;
				CLANG_ENABLE_OBJC_WEAK = YES;
				CLANG_WARN_BLOCK_CAPTURE_AUTORELEASING = YES;
				CLANG_WARN_BOOL_CONVERSION = YES;
				CLANG_WARN_COMMA = YES;
				CLANG_WARN_CONSTANT_CONVERSION = YES;
				CLANG_WARN_DEPRECATED_OBJC_IMPLEMENTATIONS = YES;
				CLANG_WARN_DIRECT_OBJC_ISA_USAGE = YES_ERROR;
				CLANG_WARN_DOCUMENTATION_COMMENTS = YES;
				CLANG_WARN_EMPTY_BODY = YES;
				CLANG_WARN_ENUM_CONVERSION = YES;
				CLANG_WARN_INFINITE_RECURSION = YES;
				CLANG_WARN_INT_CONVERSION = YES;
				CLANG_WARN_NON_LITERAL_NULL_CONVERSION = YES;
				CLANG_WARN_OBJC_IMPLICIT_RETAIN_SELF = YES;
				CLANG_WARN_OBJC_LITERAL_CONVERSION = YES;
				CLANG_WARN_OBJC_ROOT_CLASS = YES_ERROR;
				CLANG_WARN_RANGE_LOOP_ANALYSIS = YES;
				CLANG_WARN_STRICT_PROTOTYPES = YES;
				CLANG_WARN_SUSPICIOUS_MOVE = YES;
				CLANG_WARN_UNGUARDED_AVAILABILITY = YES_AGGRESSIVE;
				CLANG_WARN_UNREACHABLE_CODE = YES;
				CLANG_WARN__DUPLICATE_METHOD_MATCH = YES;
				CODE_SIGN_IDENTITY = "iPhone Developer";
				COPY_PHASE_STRIP = NO;
				DEBUG_INFORMATION_FORMAT = "dwarf-with-dsym";
				ENABLE_NS_ASSERTIONS = NO;
				ENABLE_STRICT_OBJC_MSGSEND = YES;
				GCC_C_LANGUAGE_STANDARD = gnu11;
				GCC_NO_COMMON_BLOCKS = YES;
				GCC_WARN_64_TO_32_BIT_CONVERSION = YES;
				GCC_WARN_ABOUT_RETURN_TYPE = YES_ERROR;
				GCC_WARN_UNDECLARED_SELECTOR = YES;
				GCC_WARN_UNINITIALIZED_AUTOS = YES_AGGRESSIVE;
				GCC_WARN_UNUSED_FUNCTION = YES;
				GCC_WARN_UNUSED_VARIABLE = YES;
				IPHONEOS_DEPLOYMENT_TARGET = 12.1;
				MTL_ENABLE_DEBUG_INFO = NO;
				MTL_FAST_MATH = YES;
				SDKROOT = iphoneos;
				VALIDATE_PRODUCT = YES;
			};
			name = Release;
		};
		F05A095421DC64E0000F9F6B /* Debug */ = {
			isa = XCBuildConfiguration;
			buildSettings = {
				ASSETCATALOG_COMPILER_APPICON_NAME = AppIcon;
				CODE_SIGN_STYLE = Automatic;
				INFOPLIST_FILE = WJTools/Info.plist;
				LD_RUNPATH_SEARCH_PATHS = (
					"$(inherited)",
					"@executable_path/Frameworks",
				);
				PRODUCT_BUNDLE_IDENTIFIER = wwjHome.WJTools;
				PRODUCT_NAME = "$(TARGET_NAME)";
				TARGETED_DEVICE_FAMILY = "1,2";
			};
			name = Debug;
		};
		F05A095521DC64E0000F9F6B /* Release */ = {
			isa = XCBuildConfiguration;
			buildSettings = {
				ASSETCATALOG_COMPILER_APPICON_NAME = AppIcon;
				CODE_SIGN_STYLE = Automatic;
				INFOPLIST_FILE = WJTools/Info.plist;
				LD_RUNPATH_SEARCH_PATHS = (
					"$(inherited)",
					"@executable_path/Frameworks",
				);
				PRODUCT_BUNDLE_IDENTIFIER = wwjHome.WJTools;
				PRODUCT_NAME = "$(TARGET_NAME)";
				TARGETED_DEVICE_FAMILY = "1,2";
			};
			name = Release;
		};
		F05A095721DC64E0000F9F6B /* Debug */ = {
			isa = XCBuildConfiguration;
			buildSettings = {
				BUNDLE_LOADER = "$(TEST_HOST)";
				CODE_SIGN_STYLE = Automatic;
				INFOPLIST_FILE = WJToolsTests/Info.plist;
				LD_RUNPATH_SEARCH_PATHS = (
					"$(inherited)",
					"@executable_path/Frameworks",
					"@loader_path/Frameworks",
				);
				PRODUCT_BUNDLE_IDENTIFIER = wwjHome.WJToolsTests;
				PRODUCT_NAME = "$(TARGET_NAME)";
				TARGETED_DEVICE_FAMILY = "1,2";
				TEST_HOST = "$(BUILT_PRODUCTS_DIR)/WJTools.app/WJTools";
			};
			name = Debug;
		};
		F05A095821DC64E0000F9F6B /* Release */ = {
			isa = XCBuildConfiguration;
			buildSettings = {
				BUNDLE_LOADER = "$(TEST_HOST)";
				CODE_SIGN_STYLE = Automatic;
				INFOPLIST_FILE = WJToolsTests/Info.plist;
				LD_RUNPATH_SEARCH_PATHS = (
					"$(inherited)",
					"@executable_path/Frameworks",
					"@loader_path/Frameworks",
				);
				PRODUCT_BUNDLE_IDENTIFIER = wwjHome.WJToolsTests;
				PRODUCT_NAME = "$(TARGET_NAME)";
				TARGETED_DEVICE_FAMILY = "1,2";
				TEST_HOST = "$(BUILT_PRODUCTS_DIR)/WJTools.app/WJTools";
			};
			name = Release;
		};
		F05A095A21DC64E0000F9F6B /* Debug */ = {
			isa = XCBuildConfiguration;
			buildSettings = {
				CODE_SIGN_STYLE = Automatic;
				INFOPLIST_FILE = WJToolsUITests/Info.plist;
				LD_RUNPATH_SEARCH_PATHS = (
					"$(inherited)",
					"@executable_path/Frameworks",
					"@loader_path/Frameworks",
				);
				PRODUCT_BUNDLE_IDENTIFIER = wwjHome.WJToolsUITests;
				PRODUCT_NAME = "$(TARGET_NAME)";
				TARGETED_DEVICE_FAMILY = "1,2";
				TEST_TARGET_NAME = WJTools;
			};
			name = Debug;
		};
		F05A095B21DC64E0000F9F6B /* Release */ = {
			isa = XCBuildConfiguration;
			buildSettings = {
				CODE_SIGN_STYLE = Automatic;
				INFOPLIST_FILE = WJToolsUITests/Info.plist;
				LD_RUNPATH_SEARCH_PATHS = (
					"$(inherited)",
					"@executable_path/Frameworks",
					"@loader_path/Frameworks",
				);
				PRODUCT_BUNDLE_IDENTIFIER = wwjHome.WJToolsUITests;
				PRODUCT_NAME = "$(TARGET_NAME)";
				TARGETED_DEVICE_FAMILY = "1,2";
				TEST_TARGET_NAME = WJTools;
			};
			name = Release;
		};
/* End XCBuildConfiguration section */

/* Begin XCConfigurationList section */
		F05A092221DC64D9000F9F6B /* Build configuration list for PBXProject "WJTools" */ = {
			isa = XCConfigurationList;
			buildConfigurations = (
				F05A095121DC64E0000F9F6B /* Debug */,
				F05A095221DC64E0000F9F6B /* Release */,
			);
			defaultConfigurationIsVisible = 0;
			defaultConfigurationName = Release;
		};
		F05A095321DC64E0000F9F6B /* Build configuration list for PBXNativeTarget "WJTools" */ = {
			isa = XCConfigurationList;
			buildConfigurations = (
				F05A095421DC64E0000F9F6B /* Debug */,
				F05A095521DC64E0000F9F6B /* Release */,
			);
			defaultConfigurationIsVisible = 0;
			defaultConfigurationName = Release;
		};
		F05A095621DC64E0000F9F6B /* Build configuration list for PBXNativeTarget "WJToolsTests" */ = {
			isa = XCConfigurationList;
			buildConfigurations = (
				F05A095721DC64E0000F9F6B /* Debug */,
				F05A095821DC64E0000F9F6B /* Release */,
			);
			defaultConfigurationIsVisible = 0;
			defaultConfigurationName = Release;
		};
		F05A095921DC64E0000F9F6B /* Build configuration list for PBXNativeTarget "WJToolsUITests" */ = {
			isa = XCConfigurationList;
			buildConfigurations = (
				F05A095A21DC64E0000F9F6B /* Debug */,
				F05A095B21DC64E0000F9F6B /* Release */,
			);
			defaultConfigurationIsVisible = 0;
			defaultConfigurationName = Release;
		};
/* End XCConfigurationList section */
	};
	rootObject = F05A091F21DC64D9000F9F6B /* Project object */;
}
